
Microsoft Visual Studio Solution File, Format Version 12.00
# Visual Studio Version 17
VisualStudioVersion = 17.11.35312.102
MinimumVisualStudioVersion = 10.0.40219.1
Project("{FAE04EC0-301F-11D3-BF4B-00C04F79EFBC}") = "Labo14", "Labo14\Labo14.csproj", "{D2600BD7-73E1-4F99-A673-66630C825570}"
EndProject
Global
	GlobalSection(SolutionConfigurationPlatforms) = preSolution
		Debug|Any CPU = Debug|Any CPU
		Release|Any CPU = Release|Any CPU
	EndGlobalSection
	GlobalSection(ProjectConfigurationPlatforms) = postSolution
		{D2600BD7-73E1-4F99-A673-66630C825570}.Debug|Any CPU.ActiveCfg = Debug|Any CPU
		{D2600BD7-73E1-4F99-A673-66630C825570}.Debug|Any CPU.Build.0 = Debug|Any CPU
		{D2600BD7-73E1-4F99-A673-66630C825570}.Release|Any CPU.ActiveCfg = Release|Any CPU
		{D2600BD7-73E1-4F99-A673-66630C825570}.Release|Any CPU.Build.0 = Release|Any CPU
	EndGlobalSection
	GlobalSection(SolutionProperties) = preSolution
		HideSolutionNode = FALSE
	EndGlobalSection
	GlobalSection(ExtensibilityGlobals) = postSolution
		SolutionGuid = {9489544E-C0A9-48B8-8102-DF57C055662A}
	EndGlobalSection
EndGlobal
